
Microsoft Visual Studio Solution File, Format Version 12.00
# Visual Studio Version 16
VisualStudioVersion = 16.0.30204.135
MinimumVisualStudioVersion = 10.0.40219.1
Project("{FAE04EC0-301F-11D3-BF4B-00C04F79EFBC}") = "MagentoIntegrationApp", "MagentoIntegrationApp\MagentoIntegrationApp.csproj", "{32EAA6E2-0E35-437A-8DD8-2C30F74B42DE}"
EndProject
Global
	GlobalSection(SolutionConfigurationPlatforms) = preSolution
		Debug|Any CPU = Debug|Any CPU
		Release|Any CPU = Release|Any CPU
	EndGlobalSection
	GlobalSection(ProjectConfigurationPlatforms) = postSolution
		{32EAA6E2-0E35-437A-8DD8-2C30F74B42DE}.Debug|Any CPU.ActiveCfg = Debug|Any CPU
		{32EAA6E2-0E35-437A-8DD8-2C30F74B42DE}.Debug|Any CPU.Build.0 = Debug|Any CPU
		{32EAA6E2-0E35-437A-8DD8-2C30F74B42DE}.Release|Any CPU.ActiveCfg = Release|Any CPU
		{32EAA6E2-0E35-437A-8DD8-2C30F74B42DE}.Release|Any CPU.Build.0 = Release|Any CPU
	EndGlobalSection
	GlobalSection(SolutionProperties) = preSolution
		HideSolutionNode = FALSE
	EndGlobalSection
	GlobalSection(ExtensibilityGlobals) = postSolution
		SolutionGuid = {087C1D0F-461F-4BDF-930F-F3F94366E331}
	EndGlobalSection
EndGlobal
